
Microsoft Visual Studio Solution File, Format Version 12.00
# Visual Studio Version 17
VisualStudioVersion = 17.4.33110.190
MinimumVisualStudioVersion = 10.0.40219.1
Project("{6EC3EE1D-3C4E-46DD-8F32-0CC8E7565705}") = "rx-midi", "rx-midi.fsproj", "{83C3AA8E-A410-404C-87E7-3F0022841FCF}"
EndProject
Global
	GlobalSection(SolutionConfigurationPlatforms) = preSolution
		Debug|Any CPU = Debug|Any CPU
		Release|Any CPU = Release|Any CPU
	EndGlobalSection
	GlobalSection(ProjectConfigurationPlatforms) = postSolution
		{83C3AA8E-A410-404C-87E7-3F0022841FCF}.Debug|Any CPU.ActiveCfg = Debug|Any CPU
		{83C3AA8E-A410-404C-87E7-3F0022841FCF}.Debug|Any CPU.Build.0 = Debug|Any CPU
		{83C3AA8E-A410-404C-87E7-3F0022841FCF}.Release|Any CPU.ActiveCfg = Release|Any CPU
		{83C3AA8E-A410-404C-87E7-3F0022841FCF}.Release|Any CPU.Build.0 = Release|Any CPU
	EndGlobalSection
	GlobalSection(SolutionProperties) = preSolution
		HideSolutionNode = FALSE
	EndGlobalSection
	GlobalSection(ExtensibilityGlobals) = postSolution
		SolutionGuid = {4BD8AACF-D2F6-4790-82EC-19294F763250}
	EndGlobalSection
EndGlobal
